
Microsoft Visual Studio Solution File, Format Version 12.00
# Visual Studio Version 17
VisualStudioVersion = 17.0.31903.59
MinimumVisualStudioVersion = 10.0.40219.1
Project("{FAE04EC0-301F-11D3-BF4B-00C04F79EFBC}") = "Doppelkopf.Cli", "Doppelkopf.Cli\Doppelkopf.Cli.csproj", "{2AE08A55-C2FE-465C-89B0-4F10983AF6B5}"
EndProject
Project("{FAE04EC0-301F-11D3-BF4B-00C04F79EFBC}") = "Doppelkopf.API", "Doppelkopf.API\Doppelkopf.API.csproj", "{1679DC2B-2070-4915-BE46-507432538744}"
EndProject
Project("{FAE04EC0-301F-11D3-BF4B-00C04F79EFBC}") = "Doppelkopf.Core", "Doppelkopf.Core\Doppelkopf.Core.csproj", "{FC53201F-554C-4A3E-8B5D-9BE08ADC4315}"
EndProject
Project("{FAE04EC0-301F-11D3-BF4B-00C04F79EFBC}") = "Doppelkopf.Errors", "Doppelkopf.Errors\Doppelkopf.Errors.csproj", "{0B65EA0C-5005-4277-AE9F-A5C9FC15AF38}"
EndProject
Project("{FAE04EC0-301F-11D3-BF4B-00C04F79EFBC}") = "Doppelkopf.Core.Tests", "Doppelkopf.Core.Tests\Doppelkopf.Core.Tests.csproj", "{26041A75-9AEC-4F38-B2A5-C26D85D996E3}"
EndProject
Project("{FAE04EC0-301F-11D3-BF4B-00C04F79EFBC}") = "Doppelkopf.TestUtils", "Doppelkopf.TestUtils\Doppelkopf.TestUtils.csproj", "{FFD06163-C75D-485E-983B-94CFAD745926}"
EndProject
Project("{FAE04EC0-301F-11D3-BF4B-00C04F79EFBC}") = "Doppelkopf.Sessions", "Doppelkopf.Sessions\Doppelkopf.Sessions.csproj", "{8AA634E4-4DE4-4B60-8789-1981C74C8DFE}"
EndProject
Project("{FAE04EC0-301F-11D3-BF4B-00C04F79EFBC}") = "Doppelkopf.Service", "Doppelkopf.Service\Doppelkopf.Service.csproj", "{3134A205-A730-4FEF-927D-8CDC0F95C16B}"
EndProject
Project("{FAE04EC0-301F-11D3-BF4B-00C04F79EFBC}") = "Doppelkopf.Notifications", "Doppelkopf.Notifications\Doppelkopf.Notifications.csproj", "{862A0A8C-112D-4BC0-ABD8-C9EBF2DEE42A}"
EndProject
Project("{FAE04EC0-301F-11D3-BF4B-00C04F79EFBC}") = "Doppelkopf.Bot", "Doppelkopf.Bot\Doppelkopf.Bot.csproj", "{83C3624B-77ED-4D75-9520-D7D90AB3EA52}"
EndProject
Project("{FAE04EC0-301F-11D3-BF4B-00C04F79EFBC}") = "Doppelkopf.Proto", "Doppelkopf.Proto\Doppelkopf.Proto.csproj", "{861BE29C-E151-427C-A7CE-E8663ABB78E4}"
EndProject
Project("{FAE04EC0-301F-11D3-BF4B-00C04F79EFBC}") = "Doppelkopf.Extensions", "Doppelkopf.Extensions\Doppelkopf.Extensions.csproj", "{B0DD35DE-AAC3-4200-8EB7-FACD9D49CD0C}"
EndProject
Global
	GlobalSection(SolutionConfigurationPlatforms) = preSolution
		Debug|Any CPU = Debug|Any CPU
		Release|Any CPU = Release|Any CPU
	EndGlobalSection
	GlobalSection(ProjectConfigurationPlatforms) = postSolution
		{2AE08A55-C2FE-465C-89B0-4F10983AF6B5}.Debug|Any CPU.ActiveCfg = Debug|Any CPU
		{2AE08A55-C2FE-465C-89B0-4F10983AF6B5}.Debug|Any CPU.Build.0 = Debug|Any CPU
		{2AE08A55-C2FE-465C-89B0-4F10983AF6B5}.Release|Any CPU.ActiveCfg = Release|Any CPU
		{2AE08A55-C2FE-465C-89B0-4F10983AF6B5}.Release|Any CPU.Build.0 = Release|Any CPU
		{1679DC2B-2070-4915-BE46-507432538744}.Debug|Any CPU.ActiveCfg = Debug|Any CPU
		{1679DC2B-2070-4915-BE46-507432538744}.Debug|Any CPU.Build.0 = Debug|Any CPU
		{1679DC2B-2070-4915-BE46-507432538744}.Release|Any CPU.ActiveCfg = Release|Any CPU
		{1679DC2B-2070-4915-BE46-507432538744}.Release|Any CPU.Build.0 = Release|Any CPU
		{FC53201F-554C-4A3E-8B5D-9BE08ADC4315}.Debug|Any CPU.ActiveCfg = Debug|Any CPU
		{FC53201F-554C-4A3E-8B5D-9BE08ADC4315}.Debug|Any CPU.Build.0 = Debug|Any CPU
		{FC53201F-554C-4A3E-8B5D-9BE08ADC4315}.Release|Any CPU.ActiveCfg = Release|Any CPU
		{FC53201F-554C-4A3E-8B5D-9BE08ADC4315}.Release|Any CPU.Build.0 = Release|Any CPU
		{0B65EA0C-5005-4277-AE9F-A5C9FC15AF38}.Debug|Any CPU.ActiveCfg = Debug|Any CPU
		{0B65EA0C-5005-4277-AE9F-A5C9FC15AF38}.Debug|Any CPU.Build.0 = Debug|Any CPU
		{0B65EA0C-5005-4277-AE9F-A5C9FC15AF38}.Release|Any CPU.ActiveCfg = Release|Any CPU
		{0B65EA0C-5005-4277-AE9F-A5C9FC15AF38}.Release|Any CPU.Build.0 = Release|Any CPU
		{26041A75-9AEC-4F38-B2A5-C26D85D996E3}.Debug|Any CPU.ActiveCfg = Debug|Any CPU
		{26041A75-9AEC-4F38-B2A5-C26D85D996E3}.Debug|Any CPU.Build.0 = Debug|Any CPU
		{26041A75-9AEC-4F38-B2A5-C26D85D996E3}.Release|Any CPU.ActiveCfg = Release|Any CPU
		{26041A75-9AEC-4F38-B2A5-C26D85D996E3}.Release|Any CPU.Build.0 = Release|Any CPU
		{FFD06163-C75D-485E-983B-94CFAD745926}.Debug|Any CPU.ActiveCfg = Debug|Any CPU
		{FFD06163-C75D-485E-983B-94CFAD745926}.Debug|Any CPU.Build.0 = Debug|Any CPU
		{FFD06163-C75D-485E-983B-94CFAD745926}.Release|Any CPU.ActiveCfg = Release|Any CPU
		{FFD06163-C75D-485E-983B-94CFAD745926}.Release|Any CPU.Build.0 = Release|Any CPU
		{8AA634E4-4DE4-4B60-8789-1981C74C8DFE}.Debug|Any CPU.ActiveCfg = Debug|Any CPU
		{8AA634E4-4DE4-4B60-8789-1981C74C8DFE}.Debug|Any CPU.Build.0 = Debug|Any CPU
		{8AA634E4-4DE4-4B60-8789-1981C74C8DFE}.Release|Any CPU.ActiveCfg = Release|Any CPU
		{8AA634E4-4DE4-4B60-8789-1981C74C8DFE}.Release|Any CPU.Build.0 = Release|Any CPU
		{3134A205-A730-4FEF-927D-8CDC0F95C16B}.Debug|Any CPU.ActiveCfg = Debug|Any CPU
		{3134A205-A730-4FEF-927D-8CDC0F95C16B}.Debug|Any CPU.Build.0 = Debug|Any CPU
		{3134A205-A730-4FEF-927D-8CDC0F95C16B}.Release|Any CPU.ActiveCfg = Release|Any CPU
		{3134A205-A730-4FEF-927D-8CDC0F95C16B}.Release|Any CPU.Build.0 = Release|Any CPU
		{862A0A8C-112D-4BC0-ABD8-C9EBF2DEE42A}.Debug|Any CPU.ActiveCfg = Debug|Any CPU
		{862A0A8C-112D-4BC0-ABD8-C9EBF2DEE42A}.Debug|Any CPU.Build.0 = Debug|Any CPU
		{862A0A8C-112D-4BC0-ABD8-C9EBF2DEE42A}.Release|Any CPU.ActiveCfg = Release|Any CPU
		{862A0A8C-112D-4BC0-ABD8-C9EBF2DEE42A}.Release|Any CPU.Build.0 = Release|Any CPU
		{83C3624B-77ED-4D75-9520-D7D90AB3EA52}.Debug|Any CPU.ActiveCfg = Debug|Any CPU
		{83C3624B-77ED-4D75-9520-D7D90AB3EA52}.Debug|Any CPU.Build.0 = Debug|Any CPU
		{83C3624B-77ED-4D75-9520-D7D90AB3EA52}.Release|Any CPU.ActiveCfg = Release|Any CPU
		{83C3624B-77ED-4D75-9520-D7D90AB3EA52}.Release|Any CPU.Build.0 = Release|Any CPU
		{861BE29C-E151-427C-A7CE-E8663ABB78E4}.Debug|Any CPU.ActiveCfg = Debug|Any CPU
		{861BE29C-E151-427C-A7CE-E8663ABB78E4}.Debug|Any CPU.Build.0 = Debug|Any CPU
		{861BE29C-E151-427C-A7CE-E8663ABB78E4}.Release|Any CPU.ActiveCfg = Release|Any CPU
		{861BE29C-E151-427C-A7CE-E8663ABB78E4}.Release|Any CPU.Build.0 = Release|Any CPU
		{B0DD35DE-AAC3-4200-8EB7-FACD9D49CD0C}.Debug|Any CPU.ActiveCfg = Debug|Any CPU
		{B0DD35DE-AAC3-4200-8EB7-FACD9D49CD0C}.Debug|Any CPU.Build.0 = Debug|Any CPU
		{B0DD35DE-AAC3-4200-8EB7-FACD9D49CD0C}.Release|Any CPU.ActiveCfg = Release|Any CPU
		{B0DD35DE-AAC3-4200-8EB7-FACD9D49CD0C}.Release|Any CPU.Build.0 = Release|Any CPU
	EndGlobalSection
	GlobalSection(SolutionProperties) = preSolution
		HideSolutionNode = FALSE
	EndGlobalSection
EndGlobal
